
Microsoft Visual Studio Solution File, Format Version 12.00
Project("{2150E333-8FDC-42A3-9474-1A3956D46DE8}") = "src", "src", "{858FAED4-C349-4B64-94CB-588A2EE2A77C}"
EndProject
Project("{2150E333-8FDC-42A3-9474-1A3956D46DE8}") = "test", "test", "{373A038E-93B4-487F-B28E-5938AC514278}"
EndProject
Project("{2150E333-8FDC-42A3-9474-1A3956D46DE8}") = "Application", "Application", "{CC586B47-398D-404B-B701-EED1E448D38C}"
EndProject
Project("{2150E333-8FDC-42A3-9474-1A3956D46DE8}") = "Domain", "Domain", "{30F17B08-2350-4450-B3BA-8346D38B3508}"
EndProject
Project("{2150E333-8FDC-42A3-9474-1A3956D46DE8}") = "Infrastructure.Data", "Infrastructure.Data", "{C6BDBE31-314A-4BB5-A604-86643977E526}"
EndProject
Project("{2150E333-8FDC-42A3-9474-1A3956D46DE8}") = "Infrastructure.Dependency", "Infrastructure.Dependency", "{843166E9-9B35-430C-B7D3-999BC089CEAF}"
EndProject
Project("{2150E333-8FDC-42A3-9474-1A3956D46DE8}") = "Tests.Unit", "Tests.Unit", "{E6450982-4C0D-44DB-BF51-21AE423F5CA4}"
EndProject
Project("{2150E333-8FDC-42A3-9474-1A3956D46DE8}") = "Test.Tools", "Test.Tools", "{48EB5638-65AC-4CE4-904D-6B46CACBBA3D}"
EndProject
Project("{2150E333-8FDC-42A3-9474-1A3956D46DE8}") = "RestApi", "RestApi", "{C8DD4F0C-9E8A-4722-902B-36EAC60F7490}"
EndProject
Project("{FAE04EC0-301F-11D3-BF4B-00C04F79EFBC}") = "Sample.Application", "Sample.Application\Sample.Application.csproj", "{41BC7A11-AC67-4C35-A059-1B93378AAEDE}"
EndProject
Project("{FAE04EC0-301F-11D3-BF4B-00C04F79EFBC}") = "Sample.Domain", "Sample.Domain\Sample.Domain.csproj", "{04D94B95-B74C-4E66-BDBA-528C8B165B47}"
EndProject
Project("{FAE04EC0-301F-11D3-BF4B-00C04F79EFBC}") = "Infrastructure.Data", "Infrastructure.Data\Infrastructure.Data.csproj", "{CF64A550-E20F-4425-812D-6964AA0F5854}"
EndProject
Project("{2150E333-8FDC-42A3-9474-1A3956D46DE8}") = "Migrations", "Migrations", "{7C6C77FC-4D4B-4B8A-A06D-277CD9067049}"
EndProject
Project("{FAE04EC0-301F-11D3-BF4B-00C04F79EFBC}") = "Sample.Migrations", "Sample.Migrations\Sample.Migrations.csproj", "{B213EAC4-51C1-4D91-B9BE-899BDDC71D05}"
EndProject
Project("{FAE04EC0-301F-11D3-BF4B-00C04F79EFBC}") = "Sample.Infrastructure.Dependency", "Sample.Infrastructure.Dependency\Sample.Infrastructure.Dependency.csproj", "{CA562604-DD9C-4A1D-9D1F-4AF3B5C05051}"
EndProject
Global
	GlobalSection(SolutionConfigurationPlatforms) = preSolution
		Debug|Any CPU = Debug|Any CPU
		Release|Any CPU = Release|Any CPU
	EndGlobalSection
	GlobalSection(NestedProjects) = preSolution
		{CC586B47-398D-404B-B701-EED1E448D38C} = {858FAED4-C349-4B64-94CB-588A2EE2A77C}
		{30F17B08-2350-4450-B3BA-8346D38B3508} = {858FAED4-C349-4B64-94CB-588A2EE2A77C}
		{C6BDBE31-314A-4BB5-A604-86643977E526} = {858FAED4-C349-4B64-94CB-588A2EE2A77C}
		{843166E9-9B35-430C-B7D3-999BC089CEAF} = {858FAED4-C349-4B64-94CB-588A2EE2A77C}
		{E6450982-4C0D-44DB-BF51-21AE423F5CA4} = {373A038E-93B4-487F-B28E-5938AC514278}
		{48EB5638-65AC-4CE4-904D-6B46CACBBA3D} = {373A038E-93B4-487F-B28E-5938AC514278}
		{C8DD4F0C-9E8A-4722-902B-36EAC60F7490} = {858FAED4-C349-4B64-94CB-588A2EE2A77C}
		{41BC7A11-AC67-4C35-A059-1B93378AAEDE} = {CC586B47-398D-404B-B701-EED1E448D38C}
		{04D94B95-B74C-4E66-BDBA-528C8B165B47} = {30F17B08-2350-4450-B3BA-8346D38B3508}
		{CF64A550-E20F-4425-812D-6964AA0F5854} = {C6BDBE31-314A-4BB5-A604-86643977E526}
		{7C6C77FC-4D4B-4B8A-A06D-277CD9067049} = {858FAED4-C349-4B64-94CB-588A2EE2A77C}
		{B213EAC4-51C1-4D91-B9BE-899BDDC71D05} = {7C6C77FC-4D4B-4B8A-A06D-277CD9067049}
		{CA562604-DD9C-4A1D-9D1F-4AF3B5C05051} = {843166E9-9B35-430C-B7D3-999BC089CEAF}
	EndGlobalSection
	GlobalSection(ProjectConfigurationPlatforms) = postSolution
		{41BC7A11-AC67-4C35-A059-1B93378AAEDE}.Debug|Any CPU.ActiveCfg = Debug|Any CPU
		{41BC7A11-AC67-4C35-A059-1B93378AAEDE}.Debug|Any CPU.Build.0 = Debug|Any CPU
		{41BC7A11-AC67-4C35-A059-1B93378AAEDE}.Release|Any CPU.ActiveCfg = Release|Any CPU
		{41BC7A11-AC67-4C35-A059-1B93378AAEDE}.Release|Any CPU.Build.0 = Release|Any CPU
		{04D94B95-B74C-4E66-BDBA-528C8B165B47}.Debug|Any CPU.ActiveCfg = Debug|Any CPU
		{04D94B95-B74C-4E66-BDBA-528C8B165B47}.Debug|Any CPU.Build.0 = Debug|Any CPU
		{04D94B95-B74C-4E66-BDBA-528C8B165B47}.Release|Any CPU.ActiveCfg = Release|Any CPU
		{04D94B95-B74C-4E66-BDBA-528C8B165B47}.Release|Any CPU.Build.0 = Release|Any CPU
		{CF64A550-E20F-4425-812D-6964AA0F5854}.Debug|Any CPU.ActiveCfg = Debug|Any CPU
		{CF64A550-E20F-4425-812D-6964AA0F5854}.Debug|Any CPU.Build.0 = Debug|Any CPU
		{CF64A550-E20F-4425-812D-6964AA0F5854}.Release|Any CPU.ActiveCfg = Release|Any CPU
		{CF64A550-E20F-4425-812D-6964AA0F5854}.Release|Any CPU.Build.0 = Release|Any CPU
		{B213EAC4-51C1-4D91-B9BE-899BDDC71D05}.Debug|Any CPU.ActiveCfg = Debug|Any CPU
		{B213EAC4-51C1-4D91-B9BE-899BDDC71D05}.Debug|Any CPU.Build.0 = Debug|Any CPU
		{B213EAC4-51C1-4D91-B9BE-899BDDC71D05}.Release|Any CPU.ActiveCfg = Release|Any CPU
		{B213EAC4-51C1-4D91-B9BE-899BDDC71D05}.Release|Any CPU.Build.0 = Release|Any CPU
		{CA562604-DD9C-4A1D-9D1F-4AF3B5C05051}.Debug|Any CPU.ActiveCfg = Debug|Any CPU
		{CA562604-DD9C-4A1D-9D1F-4AF3B5C05051}.Debug|Any CPU.Build.0 = Debug|Any CPU
		{CA562604-DD9C-4A1D-9D1F-4AF3B5C05051}.Release|Any CPU.ActiveCfg = Release|Any CPU
		{CA562604-DD9C-4A1D-9D1F-4AF3B5C05051}.Release|Any CPU.Build.0 = Release|Any CPU
	EndGlobalSection
EndGlobal
