
Microsoft Visual Studio Solution File, Format Version 12.00
Project("{2150E333-8FDC-42A3-9474-1A3956D46DE8}") = "src", "src", "{858FAED4-C349-4B64-94CB-588A2EE2A77C}"
EndProject
Project("{2150E333-8FDC-42A3-9474-1A3956D46DE8}") = "test", "test", "{373A038E-93B4-487F-B28E-5938AC514278}"
EndProject
Project("{2150E333-8FDC-42A3-9474-1A3956D46DE8}") = "Application", "Application", "{CC586B47-398D-404B-B701-EED1E448D38C}"
EndProject
Project("{2150E333-8FDC-42A3-9474-1A3956D46DE8}") = "Domain", "Domain", "{30F17B08-2350-4450-B3BA-8346D38B3508}"
EndProject
Project("{2150E333-8FDC-42A3-9474-1A3956D46DE8}") = "Infrastructure.Persistence", "Infrastructure.Persistence", "{C6BDBE31-314A-4BB5-A604-86643977E526}"
EndProject
Project("{2150E333-8FDC-42A3-9474-1A3956D46DE8}") = "Infrastructure.Shared", "Infrastructure.Shared", "{843166E9-9B35-430C-B7D3-999BC089CEAF}"
EndProject
Project("{2150E333-8FDC-42A3-9474-1A3956D46DE8}") = "Tests.Unit", "Tests.Unit", "{E6450982-4C0D-44DB-BF51-21AE423F5CA4}"
EndProject
Project("{2150E333-8FDC-42A3-9474-1A3956D46DE8}") = "Test.Tools", "Test.Tools", "{48EB5638-65AC-4CE4-904D-6B46CACBBA3D}"
EndProject
Project("{2150E333-8FDC-42A3-9474-1A3956D46DE8}") = "WebApi", "WebApi", "{C8DD4F0C-9E8A-4722-902B-36EAC60F7490}"
EndProject
Project("{2150E333-8FDC-42A3-9474-1A3956D46DE8}") = "Test.Specifications", "Test.Specifications", "{11044504-6A17-4F6A-A175-2E6A89C044EC}"
EndProject
Project("{FAE04EC0-301F-11D3-BF4B-00C04F79EFBC}") = "Sample.Application", "src\Sample.Application\Sample.Application.csproj", "{B5F8944B-33E4-4CBC-9EEF-0F43F4408F80}"
EndProject
Project("{FAE04EC0-301F-11D3-BF4B-00C04F79EFBC}") = "Sample.Domain", "src\Sample.Domain\Sample.Domain.csproj", "{2C2CCDBE-50F5-459A-87C9-9B21A7A6D1DC}"
EndProject
Project("{FAE04EC0-301F-11D3-BF4B-00C04F79EFBC}") = "Infrastructure.Persistence", "src\Infrastructure.Persistence\Infrastructure.Persistence.csproj", "{A2828A46-5722-4197-B378-49605BAA0AD5}"
EndProject
Project("{FAE04EC0-301F-11D3-BF4B-00C04F79EFBC}") = "Sample.Migrations", "src\Sample.Migrations\Sample.Migrations.csproj", "{2B92EEBA-A4E7-44E8-B1E8-8EC99C1C34C5}"
EndProject
Project("{FAE04EC0-301F-11D3-BF4B-00C04F79EFBC}") = "Sample.Infrastructure.Shared", "src\Sample.Infrastructure.Shared\Sample.Infrastructure.Shared.csproj", "{6EEC8E5B-2EAD-451B-BCA3-A5400A8560D6}"
EndProject
Project("{FAE04EC0-301F-11D3-BF4B-00C04F79EFBC}") = "Sample.WebApi", "src\Sample.WebApi\Sample.WebApi.csproj", "{4B334FCD-5832-4FC2-ADBC-B87FE610F94E}"
EndProject
Project("{FAE04EC0-301F-11D3-BF4B-00C04F79EFBC}") = "Test.Specifications", "test\Test.Specifications\Test.Specifications.csproj", "{B0BB1BC8-A477-4687-BF09-3AC6008455D2}"
EndProject
Project("{FAE04EC0-301F-11D3-BF4B-00C04F79EFBC}") = "Sample.Test.Tools", "test\Sample.Test.Tools\Sample.Test.Tools.csproj", "{A6AD511A-50E4-47CC-9593-B7B99BF36ED3}"
EndProject
Project("{FAE04EC0-301F-11D3-BF4B-00C04F79EFBC}") = "Sample.Tests.Unit", "test\Sample.Tests.Unit\Sample.Tests.Unit.csproj", "{8EA41EB4-3895-4667-8EC6-41F4E6E2635E}"
EndProject
Global
	GlobalSection(SolutionConfigurationPlatforms) = preSolution
		Debug|Any CPU = Debug|Any CPU
		Release|Any CPU = Release|Any CPU
	EndGlobalSection
	GlobalSection(NestedProjects) = preSolution
		{CC586B47-398D-404B-B701-EED1E448D38C} = {858FAED4-C349-4B64-94CB-588A2EE2A77C}
		{30F17B08-2350-4450-B3BA-8346D38B3508} = {858FAED4-C349-4B64-94CB-588A2EE2A77C}
		{C6BDBE31-314A-4BB5-A604-86643977E526} = {858FAED4-C349-4B64-94CB-588A2EE2A77C}
		{843166E9-9B35-430C-B7D3-999BC089CEAF} = {858FAED4-C349-4B64-94CB-588A2EE2A77C}
		{E6450982-4C0D-44DB-BF51-21AE423F5CA4} = {373A038E-93B4-487F-B28E-5938AC514278}
		{48EB5638-65AC-4CE4-904D-6B46CACBBA3D} = {373A038E-93B4-487F-B28E-5938AC514278}
		{C8DD4F0C-9E8A-4722-902B-36EAC60F7490} = {858FAED4-C349-4B64-94CB-588A2EE2A77C}
		{11044504-6A17-4F6A-A175-2E6A89C044EC} = {373A038E-93B4-487F-B28E-5938AC514278}
		{B5F8944B-33E4-4CBC-9EEF-0F43F4408F80} = {CC586B47-398D-404B-B701-EED1E448D38C}
		{2C2CCDBE-50F5-459A-87C9-9B21A7A6D1DC} = {30F17B08-2350-4450-B3BA-8346D38B3508}
		{A2828A46-5722-4197-B378-49605BAA0AD5} = {C6BDBE31-314A-4BB5-A604-86643977E526}
		{2B92EEBA-A4E7-44E8-B1E8-8EC99C1C34C5} = {C6BDBE31-314A-4BB5-A604-86643977E526}
		{6EEC8E5B-2EAD-451B-BCA3-A5400A8560D6} = {843166E9-9B35-430C-B7D3-999BC089CEAF}
		{4B334FCD-5832-4FC2-ADBC-B87FE610F94E} = {C8DD4F0C-9E8A-4722-902B-36EAC60F7490}
		{B0BB1BC8-A477-4687-BF09-3AC6008455D2} = {11044504-6A17-4F6A-A175-2E6A89C044EC}
		{A6AD511A-50E4-47CC-9593-B7B99BF36ED3} = {48EB5638-65AC-4CE4-904D-6B46CACBBA3D}
		{8EA41EB4-3895-4667-8EC6-41F4E6E2635E} = {E6450982-4C0D-44DB-BF51-21AE423F5CA4}
	EndGlobalSection
	GlobalSection(ProjectConfigurationPlatforms) = postSolution
		{B5F8944B-33E4-4CBC-9EEF-0F43F4408F80}.Debug|Any CPU.ActiveCfg = Debug|Any CPU
		{B5F8944B-33E4-4CBC-9EEF-0F43F4408F80}.Debug|Any CPU.Build.0 = Debug|Any CPU
		{B5F8944B-33E4-4CBC-9EEF-0F43F4408F80}.Release|Any CPU.ActiveCfg = Release|Any CPU
		{B5F8944B-33E4-4CBC-9EEF-0F43F4408F80}.Release|Any CPU.Build.0 = Release|Any CPU
		{2C2CCDBE-50F5-459A-87C9-9B21A7A6D1DC}.Debug|Any CPU.ActiveCfg = Debug|Any CPU
		{2C2CCDBE-50F5-459A-87C9-9B21A7A6D1DC}.Debug|Any CPU.Build.0 = Debug|Any CPU
		{2C2CCDBE-50F5-459A-87C9-9B21A7A6D1DC}.Release|Any CPU.ActiveCfg = Release|Any CPU
		{2C2CCDBE-50F5-459A-87C9-9B21A7A6D1DC}.Release|Any CPU.Build.0 = Release|Any CPU
		{A2828A46-5722-4197-B378-49605BAA0AD5}.Debug|Any CPU.ActiveCfg = Debug|Any CPU
		{A2828A46-5722-4197-B378-49605BAA0AD5}.Debug|Any CPU.Build.0 = Debug|Any CPU
		{A2828A46-5722-4197-B378-49605BAA0AD5}.Release|Any CPU.ActiveCfg = Release|Any CPU
		{A2828A46-5722-4197-B378-49605BAA0AD5}.Release|Any CPU.Build.0 = Release|Any CPU
		{2B92EEBA-A4E7-44E8-B1E8-8EC99C1C34C5}.Debug|Any CPU.ActiveCfg = Debug|Any CPU
		{2B92EEBA-A4E7-44E8-B1E8-8EC99C1C34C5}.Debug|Any CPU.Build.0 = Debug|Any CPU
		{2B92EEBA-A4E7-44E8-B1E8-8EC99C1C34C5}.Release|Any CPU.ActiveCfg = Release|Any CPU
		{2B92EEBA-A4E7-44E8-B1E8-8EC99C1C34C5}.Release|Any CPU.Build.0 = Release|Any CPU
		{6EEC8E5B-2EAD-451B-BCA3-A5400A8560D6}.Debug|Any CPU.ActiveCfg = Debug|Any CPU
		{6EEC8E5B-2EAD-451B-BCA3-A5400A8560D6}.Debug|Any CPU.Build.0 = Debug|Any CPU
		{6EEC8E5B-2EAD-451B-BCA3-A5400A8560D6}.Release|Any CPU.ActiveCfg = Release|Any CPU
		{6EEC8E5B-2EAD-451B-BCA3-A5400A8560D6}.Release|Any CPU.Build.0 = Release|Any CPU
		{4B334FCD-5832-4FC2-ADBC-B87FE610F94E}.Debug|Any CPU.ActiveCfg = Debug|Any CPU
		{4B334FCD-5832-4FC2-ADBC-B87FE610F94E}.Debug|Any CPU.Build.0 = Debug|Any CPU
		{4B334FCD-5832-4FC2-ADBC-B87FE610F94E}.Release|Any CPU.ActiveCfg = Release|Any CPU
		{4B334FCD-5832-4FC2-ADBC-B87FE610F94E}.Release|Any CPU.Build.0 = Release|Any CPU
		{B0BB1BC8-A477-4687-BF09-3AC6008455D2}.Debug|Any CPU.ActiveCfg = Debug|Any CPU
		{B0BB1BC8-A477-4687-BF09-3AC6008455D2}.Debug|Any CPU.Build.0 = Debug|Any CPU
		{B0BB1BC8-A477-4687-BF09-3AC6008455D2}.Release|Any CPU.ActiveCfg = Release|Any CPU
		{B0BB1BC8-A477-4687-BF09-3AC6008455D2}.Release|Any CPU.Build.0 = Release|Any CPU
		{A6AD511A-50E4-47CC-9593-B7B99BF36ED3}.Debug|Any CPU.ActiveCfg = Debug|Any CPU
		{A6AD511A-50E4-47CC-9593-B7B99BF36ED3}.Debug|Any CPU.Build.0 = Debug|Any CPU
		{A6AD511A-50E4-47CC-9593-B7B99BF36ED3}.Release|Any CPU.ActiveCfg = Release|Any CPU
		{A6AD511A-50E4-47CC-9593-B7B99BF36ED3}.Release|Any CPU.Build.0 = Release|Any CPU
		{8EA41EB4-3895-4667-8EC6-41F4E6E2635E}.Debug|Any CPU.ActiveCfg = Debug|Any CPU
		{8EA41EB4-3895-4667-8EC6-41F4E6E2635E}.Debug|Any CPU.Build.0 = Debug|Any CPU
		{8EA41EB4-3895-4667-8EC6-41F4E6E2635E}.Release|Any CPU.ActiveCfg = Release|Any CPU
		{8EA41EB4-3895-4667-8EC6-41F4E6E2635E}.Release|Any CPU.Build.0 = Release|Any CPU
	EndGlobalSection
EndGlobal
